
Microsoft Visual Studio Solution File, Format Version 12.00
# Visual Studio Version 16
VisualStudioVersion = 16.0.30011.22
MinimumVisualStudioVersion = 10.0.40219.1
Project("{FAE04EC0-301F-11D3-BF4B-00C04F79EFBC}") = "NorteParcial1EspinozaBernardo.Web", "NorteParcial1EspinozaBernardo.Web\NorteParcial1EspinozaBernardo.Web.csproj", "{A192C51A-26A7-4E24-8B44-8533A0987739}"
EndProject
Global
	GlobalSection(SolutionConfigurationPlatforms) = preSolution
		Debug|Any CPU = Debug|Any CPU
		Release|Any CPU = Release|Any CPU
	EndGlobalSection
	GlobalSection(ProjectConfigurationPlatforms) = postSolution
		{A192C51A-26A7-4E24-8B44-8533A0987739}.Debug|Any CPU.ActiveCfg = Debug|Any CPU
		{A192C51A-26A7-4E24-8B44-8533A0987739}.Debug|Any CPU.Build.0 = Debug|Any CPU
		{A192C51A-26A7-4E24-8B44-8533A0987739}.Release|Any CPU.ActiveCfg = Release|Any CPU
		{A192C51A-26A7-4E24-8B44-8533A0987739}.Release|Any CPU.Build.0 = Release|Any CPU
	EndGlobalSection
	GlobalSection(SolutionProperties) = preSolution
		HideSolutionNode = FALSE
	EndGlobalSection
	GlobalSection(ExtensibilityGlobals) = postSolution
		SolutionGuid = {6F67A191-1B5A-48CA-86A2-65E3F27B5A11}
	EndGlobalSection
EndGlobal
